{
  "version": 4,
  "terraform_version": "1.0.11",
  "serial": 5,
  "lineage": "3d487b06-6307-6a50-515b-524dd97afdf1",
  "outputs": {},
  "resources": [
    {
      "mode": "managed",
      "type": "aws_s3_bucket",
      "name": "bucket",
      "provider": "provider[\"registry.terraform.io/hashicorp/aws\"]",
      "instances": [
        {
          "schema_version": 0,
          "attributes": {
            "acceleration_status": "",
            "acl": "private",
            "arn": "arn:aws:s3:::25601-dev-election-trump-2024-state",
            "bucket": "25601-dev-election-trump-2024-state",
            "bucket_domain_name": "25601-dev-election-trump-2024-state.s3.amazonaws.com",
            "bucket_prefix": null,
            "bucket_regional_domain_name": "25601-dev-election-trump-2024-state.s3.amazonaws.com",
            "cors_rule": [],
            "force_destroy": false,
            "grant": [],
            "hosted_zone_id": "Z3AQBSTGFYJSTF",
            "id": "25601-dev-election-trump-2024-state",
            "lifecycle_rule": [],
            "logging": [],
            "object_lock_configuration": [
              {
                "object_lock_enabled": "Enabled",
                "rule": []
              }
            ],
            "object_lock_enabled": true,
            "policy": null,
            "region": "us-east-1",
            "replication_configuration": [],
            "request_payer": "BucketOwner",
            "server_side_encryption_configuration": [
              {
                "rule": [
                  {
                    "apply_server_side_encryption_by_default": [
                      {
                        "kms_master_key_id": "",
                        "sse_algorithm": "AES256"
                      }
                    ],
                    "bucket_key_enabled": false
                  }
                ]
              }
            ],
            "tags": {
              "AssetID": "25601",
              "AssetName": "Insfrastructure",
              "CreateBy": "Terraform",
              "Environment": "dev",
              "Name": "25601-dev-election-trump24-state",
              "Project": "election",
              "cloudProvider": "aws"
            },
            "tags_all": {
              "AssetID": "25601",
              "AssetName": "Insfrastructure",
              "CreateBy": "Terraform",
              "Environment": "dev",
              "Name": "25601-dev-election-trump24-state",
              "Project": "election",
              "cloudProvider": "aws"
            },
            "versioning": [
              {
                "enabled": true,
                "mfa_delete": false
              }
            ],
            "website": [],
            "website_domain": null,
            "website_endpoint": null
          },
          "sensitive_attributes": [],
          "private": "bnVsbA=="
        }
      ]
    }
  ]
}
